Microsoft Visual Studio Solution File, Format Version 12.00
# Visual Studio Version 17
VisualStudioVersion = 17.5.2.0
MinimumVisualStudioVersion = 10.0.40219.1
Project("{FAE04EC0-301F-11D3-BF4B-00C04F79EFBC}") = "PhotonicQuantumAnimation", "Photonic-Quantum\PhotonicQuantumAnimation.csproj", "{F44864B8-AC25-5D2E-F4B2-C3EAE910BDF0}"
EndProject
Project("{FAE04EC0-301F-11D3-BF4B-00C04F79EFBC}") = "PrismCollapse3D", "src/PrismCollapse3D/PrismCollapse3D.csproj", "{A1B2C3D4-E5F6-7890-1234-56789ABCDEF0}"
EndProject
	{A1B2C3D4-E5F6-7890-1234-56789ABCDEF0}.Debug|Any CPU.ActiveCfg = Debug|Any CPU
	{A1B2C3D4-E5F6-7890-1234-56789ABCDEF0}.Debug|Any CPU.Build.0 = Debug|Any CPU
	{A1B2C3D4-E5F6-7890-1234-56789ABCDEF0}.Release|Any CPU.ActiveCfg = Release|Any CPU
	{A1B2C3D4-E5F6-7890-1234-56789ABCDEF0}.Release|Any CPU.Build.0 = Release|Any CPU
Global
	GlobalSection(SolutionConfigurationPlatforms) = preSolution
		Debug|Any CPU = Debug|Any CPU
		Release|Any CPU = Release|Any CPU
	EndGlobalSection
	GlobalSection(ProjectConfigurationPlatforms) = postSolution
		{F44864B8-AC25-5D2E-F4B2-C3EAE910BDF0}.Debug|Any CPU.ActiveCfg = Debug|Any CPU
		{F44864B8-AC25-5D2E-F4B2-C3EAE910BDF0}.Debug|Any CPU.Build.0 = Debug|Any CPU
		{F44864B8-AC25-5D2E-F4B2-C3EAE910BDF0}.Release|Any CPU.ActiveCfg = Release|Any CPU
		{F44864B8-AC25-5D2E-F4B2-C3EAE910BDF0}.Release|Any CPU.Build.0 = Release|Any CPU
	EndGlobalSection
	GlobalSection(SolutionProperties) = preSolution
		HideSolutionNode = FALSE
	EndGlobalSection
	GlobalSection(ExtensibilityGlobals) = postSolution
		SolutionGuid = {0D35425D-93F6-4FB5-A2AF-428CD8EA1C3A}
	EndGlobalSection
EndGlobal
